
Microsoft Visual Studio Solution File, Format Version 12.00
# Visual Studio Version 17
VisualStudioVersion = 17.6.33723.286
MinimumVisualStudioVersion = 10.0.40219.1
Project("{FAE04EC0-301F-11D3-BF4B-00C04F79EFBC}") = "API_University", "API_University\API_University.csproj", "{B2EA0B1E-E67C-4E5B-8D9E-E590AA4BBF76}"
EndProject
Global
	GlobalSection(SolutionConfigurationPlatforms) = preSolution
		Debug|Any CPU = Debug|Any CPU
		Release|Any CPU = Release|Any CPU
	EndGlobalSection
	GlobalSection(ProjectConfigurationPlatforms) = postSolution
		{B2EA0B1E-E67C-4E5B-8D9E-E590AA4BBF76}.Debug|Any CPU.ActiveCfg = Debug|Any CPU
		{B2EA0B1E-E67C-4E5B-8D9E-E590AA4BBF76}.Debug|Any CPU.Build.0 = Debug|Any CPU
		{B2EA0B1E-E67C-4E5B-8D9E-E590AA4BBF76}.Release|Any CPU.ActiveCfg = Release|Any CPU
		{B2EA0B1E-E67C-4E5B-8D9E-E590AA4BBF76}.Release|Any CPU.Build.0 = Release|Any CPU
	EndGlobalSection
	GlobalSection(SolutionProperties) = preSolution
		HideSolutionNode = FALSE
	EndGlobalSection
	GlobalSection(ExtensibilityGlobals) = postSolution
		SolutionGuid = {F868AC81-30DC-44C7-BEB0-573E7ED9471E}
	EndGlobalSection
EndGlobal
